
Microsoft Visual Studio Solution File, Format Version 12.00
# Visual Studio Version 17
VisualStudioVersion = 17.8.34525.116
MinimumVisualStudioVersion = 10.0.40219.1
Project("{FAE04EC0-301F-11D3-BF4B-00C04F79EFBC}") = "SkipLogo", "SkipLogo.csproj", "{F00580E1-BB71-4E64-B0EC-AD87A4836C9F}"
EndProject
Global
	GlobalSection(SolutionConfigurationPlatforms) = preSolution
		Debug|Any CPU = Debug|Any CPU
		Release|Any CPU = Release|Any CPU
	EndGlobalSection
	GlobalSection(ProjectConfigurationPlatforms) = postSolution
		{F00580E1-BB71-4E64-B0EC-AD87A4836C9F}.Debug|Any CPU.ActiveCfg = Debug|Any CPU
		{F00580E1-BB71-4E64-B0EC-AD87A4836C9F}.Debug|Any CPU.Build.0 = Debug|Any CPU
		{F00580E1-BB71-4E64-B0EC-AD87A4836C9F}.Release|Any CPU.ActiveCfg = Release|Any CPU
		{F00580E1-BB71-4E64-B0EC-AD87A4836C9F}.Release|Any CPU.Build.0 = Release|Any CPU
	EndGlobalSection
	GlobalSection(SolutionProperties) = preSolution
		HideSolutionNode = FALSE
	EndGlobalSection
	GlobalSection(ExtensibilityGlobals) = postSolution
		SolutionGuid = {B6DD4181-6CE7-42EB-A0DC-B818E9FDA73E}
	EndGlobalSection
EndGlobal
